// !$*UTF8*$!
{
	archiveVersion = 1;
	classes = {
	};
	objectVersion = 56;
	objects = {

/* Begin PBXBuildFile section */
		6430CF572B1CEF0A009D9601 /* AppDelegate.swift in Sources */ = {isa = PBXBuildFile; fileRef = 6430CF562B1CEF0A009D9601 /* AppDelegate.swift */; };
		6430CF592B1CEF0A009D9601 /* SceneDelegate.swift in Sources */ = {isa = PBXBuildFile; fileRef = 6430CF582B1CEF0A009D9601 /* SceneDelegate.swift */; };
		6430CF5B2B1CEF0A009D9601 /* ViewController.swift in Sources */ = {isa = PBXBuildFile; fileRef = 6430CF5A2B1CEF0A009D9601 /* ViewController.swift */; };
		6430CF5E2B1CEF0A009D9601 /* Main.storyboard in Resources */ = {isa = PBXBuildFile; fileRef = 6430CF5C2B1CEF0A009D9601 /* Main.storyboard */; };
		6430CF602B1CEF0D009D9601 /* Assets.xcassets in Resources */ = {isa = PBXBuildFile; fileRef = 6430CF5F2B1CEF0D009D9601 /* Assets.xcassets */; };
		6430CF632B1CEF0D009D9601 /* LaunchScreen.storyboard in Resources */ = {isa = PBXBuildFile; fileRef = 6430CF612B1CEF0D009D9601 /* LaunchScreen.storyboard */; };
		6430CF6C2B1CF03D009D9601 /* Recipekorea.ttf in Resources */ = {isa = PBXBuildFile; fileRef = 6430CF6B2B1CF03D009D9601 /* Recipekorea.ttf */; };
		6430CF702B1CF06C009D9601 /* Giants-Bold.otf in Resources */ = {isa = PBXBuildFile; fileRef = 6430CF6E2B1CF06C009D9601 /* Giants-Bold.otf */; };
		6430CF722B1CF3D5009D9601 /* Extension_Btn.swift in Sources */ = {isa = PBXBuildFile; fileRef = 6430CF712B1CF3D5009D9601 /* Extension_Btn.swift */; };
		645EE55C2B1E30E9005AE959 /* RankViewController.swift in Sources */ = {isa = PBXBuildFile; fileRef = 645EE55B2B1E30E9005AE959 /* RankViewController.swift */; };
		647BF6242B1CFA7400A5A13C /* GameViewController.swift in Sources */ = {isa = PBXBuildFile; fileRef = 647BF6232B1CFA7400A5A13C /* GameViewController.swift */; };
		647BF6262B1CFD2100A5A13C /* SearchViewController.swift in Sources */ = {isa = PBXBuildFile; fileRef = 647BF6252B1CFD2100A5A13C /* SearchViewController.swift */; };
		647BF6282B1CFEC300A5A13C /* Extension_Searchbar.swift in Sources */ = {isa = PBXBuildFile; fileRef = 647BF6272B1CFEC300A5A13C /* Extension_Searchbar.swift */; };
/* End PBXBuildFile section */

/* Begin PBXFileReference section */
		6430CF532B1CEF0A009D9601 /* TouchSchoolUIkitVer.app */ = {isa = PBXFileReference; explicitFileType = wrapper.application; includeInIndex = 0; path = TouchSchoolUIkitVer.app; sourceTree = BUILT_PRODUCTS_DIR; };
		6430CF562B1CEF0A009D9601 /* AppDelegate.swift */ = {isa = PBXFileReference; lastKnownFileType = sourcecode.swift; path = AppDelegate.swift; sourceTree = "<group>"; };
		6430CF582B1CEF0A009D9601 /* SceneDelegate.swift */ = {isa = PBXFileReference; lastKnownFileType = sourcecode.swift; path = SceneDelegate.swift; sourceTree = "<group>"; };
		6430CF5A2B1CEF0A009D9601 /* ViewController.swift */ = {isa = PBXFileReference; lastKnownFileType = sourcecode.swift; path = ViewController.swift; sourceTree = "<group>"; };
		6430CF5D2B1CEF0A009D9601 /* Base */ = {isa = PBXFileReference; lastKnownFileType = file.storyboard; name = Base; path = Base.lproj/Main.storyboard; sourceTree = "<group>"; };
		6430CF5F2B1CEF0D009D9601 /* Assets.xcassets */ = {isa = PBXFileReference; lastKnownFileType = folder.assetcatalog; path = Assets.xcassets; sourceTree = "<group>"; };
		6430CF622B1CEF0D009D9601 /* Base */ = {isa = PBXFileReference; lastKnownFileType = file.storyboard; name = Base; path = Base.lproj/LaunchScreen.storyboard; sourceTree = "<group>"; };
		6430CF642B1CEF0D009D9601 /* Info.plist */ = {isa = PBXFileReference; lastKnownFileType = text.plist.xml; path = Info.plist; sourceTree = "<group>"; };
		6430CF6B2B1CF03D009D9601 /* Recipekorea.ttf */ = {isa = PBXFileReference; lastKnownFileType = file; path = Recipekorea.ttf; sourceTree = "<group>"; };
		6430CF6E2B1CF06C009D9601 /* Giants-Bold.otf */ = {isa = PBXFileReference; lastKnownFileType = file; path = "Giants-Bold.otf"; sourceTree = "<group>"; };
		6430CF712B1CF3D5009D9601 /* Extension_Btn.swift */ = {isa = PBXFileReference; lastKnownFileType = sourcecode.swift; path = Extension_Btn.swift; sourceTree = "<group>"; };
		645EE55B2B1E30E9005AE959 /* RankViewController.swift */ = {isa = PBXFileReference; lastKnownFileType = sourcecode.swift; path = RankViewController.swift; sourceTree = "<group>"; };
		647BF6232B1CFA7400A5A13C /* GameViewController.swift */ = {isa = PBXFileReference; lastKnownFileType = sourcecode.swift; path = GameViewController.swift; sourceTree = "<group>"; };
		647BF6252B1CFD2100A5A13C /* SearchViewController.swift */ = {isa = PBXFileReference; lastKnownFileType = sourcecode.swift; path = SearchViewController.swift; sourceTree = "<group>"; };
		647BF6272B1CFEC300A5A13C /* Extension_Searchbar.swift */ = {isa = PBXFileReference; lastKnownFileType = sourcecode.swift; path = Extension_Searchbar.swift; sourceTree = "<group>"; };
/* End PBXFileReference section */

/* Begin PBXFrameworksBuildPhase section */
		6430CF502B1CEF0A009D9601 /* Frameworks */ = {
			isa = PBXFrameworksBuildPhase;
			buildActionMask = 2147483647;
			files = (
			);
			runOnlyForDeploymentPostprocessing = 0;
		};
/* End PBXFrameworksBuildPhase section */

/* Begin PBXGroup section */
		6430CF4A2B1CEF0A009D9601 = {
			isa = PBXGroup;
			children = (
				6430CF552B1CEF0A009D9601 /* TouchSchoolUIkitVer */,
				6430CF542B1CEF0A009D9601 /* Products */,
			);
			sourceTree = "<group>";
		};
		6430CF542B1CEF0A009D9601 /* Products */ = {
			isa = PBXGroup;
			children = (
				6430CF532B1CEF0A009D9601 /* TouchSchoolUIkitVer.app */,
			);
			name = Products;
			sourceTree = "<group>";
		};
		6430CF552B1CEF0A009D9601 /* TouchSchoolUIkitVer */ = {
			isa = PBXGroup;
			children = (
				6430CF562B1CEF0A009D9601 /* AppDelegate.swift */,
				6430CF582B1CEF0A009D9601 /* SceneDelegate.swift */,
				6430CF5A2B1CEF0A009D9601 /* ViewController.swift */,
				6430CF5C2B1CEF0A009D9601 /* Main.storyboard */,
				645EE55B2B1E30E9005AE959 /* RankViewController.swift */,
				647BF6252B1CFD2100A5A13C /* SearchViewController.swift */,
				647BF6232B1CFA7400A5A13C /* GameViewController.swift */,
				6430CF712B1CF3D5009D9601 /* Extension_Btn.swift */,
				647BF6272B1CFEC300A5A13C /* Extension_Searchbar.swift */,
				6430CF6A2B1CF024009D9601 /* Font */,
				6430CF5F2B1CEF0D009D9601 /* Assets.xcassets */,
				6430CF612B1CEF0D009D9601 /* LaunchScreen.storyboard */,
				6430CF642B1CEF0D009D9601 /* Info.plist */,
			);
			path = TouchSchoolUIkitVer;
			sourceTree = "<group>";
		};
		6430CF6A2B1CF024009D9601 /* Font */ = {
			isa = PBXGroup;
			children = (
				6430CF6E2B1CF06C009D9601 /* Giants-Bold.otf */,
				6430CF6B2B1CF03D009D9601 /* Recipekorea.ttf */,
			);
			path = Font;
			sourceTree = "<group>";
		};
/* End PBXGroup section */

/* Begin PBXNativeTarget section */
		6430CF522B1CEF0A009D9601 /* TouchSchoolUIkitVer */ = {
			isa = PBXNativeTarget;
			buildConfigurationList = 6430CF672B1CEF0D009D9601 /* Build configuration list for PBXNativeTarget "TouchSchoolUIkitVer" */;
			buildPhases = (
				6430CF4F2B1CEF0A009D9601 /* Sources */,
				6430CF502B1CEF0A009D9601 /* Frameworks */,
				6430CF512B1CEF0A009D9601 /* Resources */,
			);
			buildRules = (
			);
			dependencies = (
			);
			name = TouchSchoolUIkitVer;
			productName = TouchSchoolUIkitVer;
			productReference = 6430CF532B1CEF0A009D9601 /* TouchSchoolUIkitVer.app */;
			productType = "com.apple.product-type.application";
		};
/* End PBXNativeTarget section */

/* Begin PBXProject section */
		6430CF4B2B1CEF0A009D9601 /* Project object */ = {
			isa = PBXProject;
			attributes = {
				BuildIndependentTargetsInParallel = 1;
				LastSwiftUpdateCheck = 1510;
				LastUpgradeCheck = 1510;
				TargetAttributes = {
					6430CF522B1CEF0A009D9601 = {
						CreatedOnToolsVersion = 15.1;
					};
				};
			};
			buildConfigurationList = 6430CF4E2B1CEF0A009D9601 /* Build configuration list for PBXProject "TouchSchoolUIkitVer" */;
			compatibilityVersion = "Xcode 14.0";
			developmentRegion = en;
			hasScannedForEncodings = 0;
			knownRegions = (
				en,
				Base,
			);
			mainGroup = 6430CF4A2B1CEF0A009D9601;
			productRefGroup = 6430CF542B1CEF0A009D9601 /* Products */;
			projectDirPath = "";
			projectRoot = "";
			targets = (
				6430CF522B1CEF0A009D9601 /* TouchSchoolUIkitVer */,
			);
		};
/* End PBXProject section */

/* Begin PBXResourcesBuildPhase section */
		6430CF512B1CEF0A009D9601 /* Resources */ = {
			isa = PBXResourcesBuildPhase;
			buildActionMask = 2147483647;
			files = (
				6430CF632B1CEF0D009D9601 /* LaunchScreen.storyboard in Resources */,
				6430CF6C2B1CF03D009D9601 /* Recipekorea.ttf in Resources */,
				6430CF702B1CF06C009D9601 /* Giants-Bold.otf in Resources */,
				6430CF602B1CEF0D009D9601 /* Assets.xcassets in Resources */,
				6430CF5E2B1CEF0A009D9601 /* Main.storyboard in Resources */,
			);
			runOnlyForDeploymentPostprocessing = 0;
		};
/* End PBXResourcesBuildPhase section */

/* Begin PBXSourcesBuildPhase section */
		6430CF4F2B1CEF0A009D9601 /* Sources */ = {
			isa = PBXSourcesBuildPhase;
			buildActionMask = 2147483647;
			files = (
				647BF6262B1CFD2100A5A13C /* SearchViewController.swift in Sources */,
				647BF6242B1CFA7400A5A13C /* GameViewController.swift in Sources */,
				647BF6282B1CFEC300A5A13C /* Extension_Searchbar.swift in Sources */,
				6430CF5B2B1CEF0A009D9601 /* ViewController.swift in Sources */,
				6430CF572B1CEF0A009D9601 /* AppDelegate.swift in Sources */,
				6430CF722B1CF3D5009D9601 /* Extension_Btn.swift in Sources */,
				645EE55C2B1E30E9005AE959 /* RankViewController.swift in Sources */,
				6430CF592B1CEF0A009D9601 /* SceneDelegate.swift in Sources */,
			);
			runOnlyForDeploymentPostprocessing = 0;
		};
/* End PBXSourcesBuildPhase section */

/* Begin PBXVariantGroup section */
		6430CF5C2B1CEF0A009D9601 /* Main.storyboard */ = {
			isa = PBXVariantGroup;
			children = (
				6430CF5D2B1CEF0A009D9601 /* Base */,
			);
			name = Main.storyboard;
			sourceTree = "<group>";
		};
		6430CF612B1CEF0D009D9601 /* LaunchScreen.storyboard */ = {
			isa = PBXVariantGroup;
			children = (
				6430CF622B1CEF0D009D9601 /* Base */,
			);
			name = LaunchScreen.storyboard;
			sourceTree = "<group>";
		};
/* End PBXVariantGroup section */

/* Begin XCBuildConfiguration section */
		6430CF652B1CEF0D009D9601 /* Debug */ = {
			isa = XCBuildConfiguration;
			buildSettings = {
				ALWAYS_SEARCH_USER_PATHS = NO;
				ASSETCATALOG_COMPILER_GENERATE_SWIFT_ASSET_SYMBOL_EXTENSIONS = YES;
				CLANG_ANALYZER_NONNULL = YES;
				CLANG_ANALYZER_NUMBER_OBJECT_CONVERSION = YES_AGGRESSIVE;
				CLANG_CXX_LANGUAGE_STANDARD = "gnu++20";
				CLANG_ENABLE_MODULES = YES;
				CLANG_ENABLE_OBJC_ARC = YES;
				CLANG_ENABLE_OBJC_WEAK = YES;
				CLANG_WARN_BLOCK_CAPTURE_AUTORELEASING = YES;
				CLANG_WARN_BOOL_CONVERSION = YES;
				CLANG_WARN_COMMA = YES;
				CLANG_WARN_CONSTANT_CONVERSION = YES;
				CLANG_WARN_DEPRECATED_OBJC_IMPLEMENTATIONS = YES;
				CLANG_WARN_DIRECT_OBJC_ISA_USAGE = YES_ERROR;
				CLANG_WARN_DOCUMENTATION_COMMENTS = YES;
				CLANG_WARN_EMPTY_BODY = YES;
				CLANG_WARN_ENUM_CONVERSION = YES;
				CLANG_WARN_INFINITE_RECURSION = YES;
				CLANG_WARN_INT_CONVERSION = YES;
				CLANG_WARN_NON_LITERAL_NULL_CONVERSION = YES;
				CLANG_WARN_OBJC_IMPLICIT_RETAIN_SELF = YES;
				CLANG_WARN_OBJC_LITERAL_CONVERSION = YES;
				CLANG_WARN_OBJC_ROOT_CLASS = YES_ERROR;
				CLANG_WARN_QUOTED_INCLUDE_IN_FRAMEWORK_HEADER = YES;
				CLANG_WARN_RANGE_LOOP_ANALYSIS = YES;
				CLANG_WARN_STRICT_PROTOTYPES = YES;
				CLANG_WARN_SUSPICIOUS_MOVE = YES;
				CLANG_WARN_UNGUARDED_AVAILABILITY = YES_AGGRESSIVE;
				CLANG_WARN_UNREACHABLE_CODE = YES;
				CLANG_WARN__DUPLICATE_METHOD_MATCH = YES;
				COPY_PHASE_STRIP = NO;
				DEBUG_INFORMATION_FORMAT = dwarf;
				ENABLE_STRICT_OBJC_MSGSEND = YES;
				ENABLE_TESTABILITY = YES;
				ENABLE_USER_SCRIPT_SANDBOXING = YES;
				GCC_C_LANGUAGE_STANDARD = gnu17;
				GCC_DYNAMIC_NO_PIC = NO;
				GCC_NO_COMMON_BLOCKS = YES;
				GCC_OPTIMIZATION_LEVEL = 0;
				GCC_PREPROCESSOR_DEFINITIONS = (
					"DEBUG=1",
					"$(inherited)",
				);
				GCC_WARN_64_TO_32_BIT_CONVERSION = YES;
				GCC_WARN_ABOUT_RETURN_TYPE = YES_ERROR;
				GCC_WARN_UNDECLARED_SELECTOR = YES;
				GCC_WARN_UNINITIALIZED_AUTOS = YES_AGGRESSIVE;
				GCC_WARN_UNUSED_FUNCTION = YES;
				GCC_WARN_UNUSED_VARIABLE = YES;
				IPHONEOS_DEPLOYMENT_TARGET = 17.0;
				LOCALIZATION_PREFERS_STRING_CATALOGS = YES;
				MTL_ENABLE_DEBUG_INFO = INCLUDE_SOURCE;
				MTL_FAST_MATH = YES;
				ONLY_ACTIVE_ARCH = YES;
				SDKROOT = iphoneos;
				SWIFT_ACTIVE_COMPILATION_CONDITIONS = "DEBUG $(inherited)";
				SWIFT_OPTIMIZATION_LEVEL = "-Onone";
			};
			name = Debug;
		};
		6430CF662B1CEF0D009D9601 /* Release */ = {
			isa = XCBuildConfiguration;
			buildSettings = {
				ALWAYS_SEARCH_USER_PATHS = NO;
				ASSETCATALOG_COMPILER_GENERATE_SWIFT_ASSET_SYMBOL_EXTENSIONS = YES;
				CLANG_ANALYZER_NONNULL = YES;
				CLANG_ANALYZER_NUMBER_OBJECT_CONVERSION = YES_AGGRESSIVE;
				CLANG_CXX_LANGUAGE_STANDARD = "gnu++20";
				CLANG_ENABLE_MODULES = YES;
				CLANG_ENABLE_OBJC_ARC = YES;
				CLANG_ENABLE_OBJC_WEAK = YES;
				CLANG_WARN_BLOCK_CAPTURE_AUTORELEASING = YES;
				CLANG_WARN_BOOL_CONVERSION = YES;
				CLANG_WARN_COMMA = YES;
				CLANG_WARN_CONSTANT_CONVERSION = YES;
				CLANG_WARN_DEPRECATED_OBJC_IMPLEMENTATIONS = YES;
				CLANG_WARN_DIRECT_OBJC_ISA_USAGE = YES_ERROR;
				CLANG_WARN_DOCUMENTATION_COMMENTS = YES;
				CLANG_WARN_EMPTY_BODY = YES;
				CLANG_WARN_ENUM_CONVERSION = YES;
				CLANG_WARN_INFINITE_RECURSION = YES;
				CLANG_WARN_INT_CONVERSION = YES;
				CLANG_WARN_NON_LITERAL_NULL_CONVERSION = YES;
				CLANG_WARN_OBJC_IMPLICIT_RETAIN_SELF = YES;
				CLANG_WARN_OBJC_LITERAL_CONVERSION = YES;
				CLANG_WARN_OBJC_ROOT_CLASS = YES_ERROR;
				CLANG_WARN_QUOTED_INCLUDE_IN_FRAMEWORK_HEADER = YES;
				CLANG_WARN_RANGE_LOOP_ANALYSIS = YES;
				CLANG_WARN_STRICT_PROTOTYPES = YES;
				CLANG_WARN_SUSPICIOUS_MOVE = YES;
				CLANG_WARN_UNGUARDED_AVAILABILITY = YES_AGGRESSIVE;
				CLANG_WARN_UNREACHABLE_CODE = YES;
				CLANG_WARN__DUPLICATE_METHOD_MATCH = YES;
				COPY_PHASE_STRIP = NO;
				DEBUG_INFORMATION_FORMAT = "dwarf-with-dsym";
				ENABLE_NS_ASSERTIONS = NO;
				ENABLE_STRICT_OBJC_MSGSEND = YES;
				ENABLE_USER_SCRIPT_SANDBOXING = YES;
				GCC_C_LANGUAGE_STANDARD = gnu17;
				GCC_NO_COMMON_BLOCKS = YES;
				GCC_WARN_64_TO_32_BIT_CONVERSION = YES;
				GCC_WARN_ABOUT_RETURN_TYPE = YES_ERROR;
				GCC_WARN_UNDECLARED_SELECTOR = YES;
				GCC_WARN_UNINITIALIZED_AUTOS = YES_AGGRESSIVE;
				GCC_WARN_UNUSED_FUNCTION = YES;
				GCC_WARN_UNUSED_VARIABLE = YES;
				IPHONEOS_DEPLOYMENT_TARGET = 17.0;
				LOCALIZATION_PREFERS_STRING_CATALOGS = YES;
				MTL_ENABLE_DEBUG_INFO = NO;
				MTL_FAST_MATH = YES;
				SDKROOT = iphoneos;
				SWIFT_COMPILATION_MODE = wholemodule;
				VALIDATE_PRODUCT = YES;
			};
			name = Release;
		};
		6430CF682B1CEF0D009D9601 /* Debug */ = {
			isa = XCBuildConfiguration;
			buildSettings = {
				ASSETCATALOG_COMPILER_APPICON_NAME = AppIcon;
				ASSETCATALOG_COMPILER_GLOBAL_ACCENT_COLOR_NAME = AccentColor;
				CODE_SIGN_STYLE = Automatic;
				CURRENT_PROJECT_VERSION = 1;
				DEVELOPMENT_TEAM = KKR332Q2BZ;
				GENERATE_INFOPLIST_FILE = YES;
				INFOPLIST_FILE = TouchSchoolUIkitVer/Info.plist;
				INFOPLIST_KEY_UIApplicationSupportsIndirectInputEvents = YES;
				INFOPLIST_KEY_UILaunchStoryboardName = LaunchScreen;
				INFOPLIST_KEY_UIMainStoryboardFile = Main;
				INFOPLIST_KEY_UISupportedInterfaceOrientations_iPad = "UIInterfaceOrientationPortrait UIInterfaceOrientationPortraitUpsideDown UIInterfaceOrientationLandscapeLeft UIInterfaceOrientationLandscapeRight";
				INFOPLIST_KEY_UISupportedInterfaceOrientations_iPhone = "UIInterfaceOrientationPortrait UIInterfaceOrientationLandscapeLeft UIInterfaceOrientationLandscapeRight";
				LD_RUNPATH_SEARCH_PATHS = (
					"$(inherited)",
					"@executable_path/Frameworks",
				);
				MARKETING_VERSION = 1.0;
				PRODUCT_BUNDLE_IDENTIFIER = none.TouchSchoolUIkitVer;
				PRODUCT_NAME = "$(TARGET_NAME)";
				SWIFT_EMIT_LOC_STRINGS = YES;
				SWIFT_VERSION = 5.0;
				TARGETED_DEVICE_FAMILY = "1,2";
			};
			name = Debug;
		};
		6430CF692B1CEF0D009D9601 /* Release */ = {
			isa = XCBuildConfiguration;
			buildSettings = {
				ASSETCATALOG_COMPILER_APPICON_NAME = AppIcon;
				ASSETCATALOG_COMPILER_GLOBAL_ACCENT_COLOR_NAME = AccentColor;
				CODE_SIGN_STYLE = Automatic;
				CURRENT_PROJECT_VERSION = 1;
				DEVELOPMENT_TEAM = KKR332Q2BZ;
				GENERATE_INFOPLIST_FILE = YES;
				INFOPLIST_FILE = TouchSchoolUIkitVer/Info.plist;
				INFOPLIST_KEY_UIApplicationSupportsIndirectInputEvents = YES;
				INFOPLIST_KEY_UILaunchStoryboardName = LaunchScreen;
				INFOPLIST_KEY_UIMainStoryboardFile = Main;
				INFOPLIST_KEY_UISupportedInterfaceOrientations_iPad = "UIInterfaceOrientationPortrait UIInterfaceOrientationPortraitUpsideDown UIInterfaceOrientationLandscapeLeft UIInterfaceOrientationLandscapeRight";
				INFOPLIST_KEY_UISupportedInterfaceOrientations_iPhone = "UIInterfaceOrientationPortrait UIInterfaceOrientationLandscapeLeft UIInterfaceOrientationLandscapeRight";
				LD_RUNPATH_SEARCH_PATHS = (
					"$(inherited)",
					"@executable_path/Frameworks",
				);
				MARKETING_VERSION = 1.0;
				PRODUCT_BUNDLE_IDENTIFIER = none.TouchSchoolUIkitVer;
				PRODUCT_NAME = "$(TARGET_NAME)";
				SWIFT_EMIT_LOC_STRINGS = YES;
				SWIFT_VERSION = 5.0;
				TARGETED_DEVICE_FAMILY = "1,2";
			};
			name = Release;
		};
/* End XCBuildConfiguration section */

/* Begin XCConfigurationList section */
		6430CF4E2B1CEF0A009D9601 /* Build configuration list for PBXProject "TouchSchoolUIkitVer" */ = {
			isa = XCConfigurationList;
			buildConfigurations = (
				6430CF652B1CEF0D009D9601 /* Debug */,
				6430CF662B1CEF0D009D9601 /* Release */,
			);
			defaultConfigurationIsVisible = 0;
			defaultConfigurationName = Release;
		};
		6430CF672B1CEF0D009D9601 /* Build configuration list for PBXNativeTarget "TouchSchoolUIkitVer" */ = {
			isa = XCConfigurationList;
			buildConfigurations = (
				6430CF682B1CEF0D009D9601 /* Debug */,
				6430CF692B1CEF0D009D9601 /* Release */,
			);
			defaultConfigurationIsVisible = 0;
			defaultConfigurationName = Release;
		};
/* End XCConfigurationList section */
	};
	rootObject = 6430CF4B2B1CEF0A009D9601 /* Project object */;
}
