// !$*UTF8*$!
{
	archiveVersion = 1;
	classes = {
	};
	objectVersion = 56;
	objects = {

/* Begin PBXBuildFile section */
		64F126DE2B2A154400E03419 /* AppDelegate.swift in Sources */ = {isa = PBXBuildFile; fileRef = 64F126DD2B2A154400E03419 /* AppDelegate.swift */; };
		64F126E02B2A154400E03419 /* SceneDelegate.swift in Sources */ = {isa = PBXBuildFile; fileRef = 64F126DF2B2A154400E03419 /* SceneDelegate.swift */; };
		64F126E22B2A154400E03419 /* ViewController.swift in Sources */ = {isa = PBXBuildFile; fileRef = 64F126E12B2A154400E03419 /* ViewController.swift */; };
		64F126E52B2A154400E03419 /* Main.storyboard in Resources */ = {isa = PBXBuildFile; fileRef = 64F126E32B2A154400E03419 /* Main.storyboard */; };
		64F126E72B2A154500E03419 /* Assets.xcassets in Resources */ = {isa = PBXBuildFile; fileRef = 64F126E62B2A154500E03419 /* Assets.xcassets */; };
		64F126EA2B2A154500E03419 /* LaunchScreen.storyboard in Resources */ = {isa = PBXBuildFile; fileRef = 64F126E82B2A154500E03419 /* LaunchScreen.storyboard */; };
		64F126F42B2A332300E03419 /* Recipekorea.ttf in Resources */ = {isa = PBXBuildFile; fileRef = 64F126F22B2A332300E03419 /* Recipekorea.ttf */; };
		64F126F52B2A332300E03419 /* Giants-Bold.otf in Resources */ = {isa = PBXBuildFile; fileRef = 64F126F32B2A332300E03419 /* Giants-Bold.otf */; };
/* End PBXBuildFile section */

/* Begin PBXFileReference section */
		64F126DA2B2A154400E03419 /* TouchSchoolTableView.app */ = {isa = PBXFileReference; explicitFileType = wrapper.application; includeInIndex = 0; path = TouchSchoolTableView.app; sourceTree = BUILT_PRODUCTS_DIR; };
		64F126DD2B2A154400E03419 /* AppDelegate.swift */ = {isa = PBXFileReference; lastKnownFileType = sourcecode.swift; path = AppDelegate.swift; sourceTree = "<group>"; };
		64F126DF2B2A154400E03419 /* SceneDelegate.swift */ = {isa = PBXFileReference; lastKnownFileType = sourcecode.swift; path = SceneDelegate.swift; sourceTree = "<group>"; };
		64F126E12B2A154400E03419 /* ViewController.swift */ = {isa = PBXFileReference; lastKnownFileType = sourcecode.swift; path = ViewController.swift; sourceTree = "<group>"; };
		64F126E42B2A154400E03419 /* Base */ = {isa = PBXFileReference; lastKnownFileType = file.storyboard; name = Base; path = Base.lproj/Main.storyboard; sourceTree = "<group>"; };
		64F126E62B2A154500E03419 /* Assets.xcassets */ = {isa = PBXFileReference; lastKnownFileType = folder.assetcatalog; path = Assets.xcassets; sourceTree = "<group>"; };
		64F126E92B2A154500E03419 /* Base */ = {isa = PBXFileReference; lastKnownFileType = file.storyboard; name = Base; path = Base.lproj/LaunchScreen.storyboard; sourceTree = "<group>"; };
		64F126EB2B2A154500E03419 /* Info.plist */ = {isa = PBXFileReference; lastKnownFileType = text.plist.xml; path = Info.plist; sourceTree = "<group>"; };
		64F126F22B2A332300E03419 /* Recipekorea.ttf */ = {isa = PBXFileReference; lastKnownFileType = file; path = Recipekorea.ttf; sourceTree = "<group>"; };
		64F126F32B2A332300E03419 /* Giants-Bold.otf */ = {isa = PBXFileReference; lastKnownFileType = file; path = "Giants-Bold.otf"; sourceTree = "<group>"; };
/* End PBXFileReference section */

/* Begin PBXFrameworksBuildPhase section */
		64F126D72B2A154400E03419 /* Frameworks */ = {
			isa = PBXFrameworksBuildPhase;
			buildActionMask = 2147483647;
			files = (
			);
			runOnlyForDeploymentPostprocessing = 0;
		};
/* End PBXFrameworksBuildPhase section */

/* Begin PBXGroup section */
		64F126D12B2A154300E03419 = {
			isa = PBXGroup;
			children = (
				64F126DC2B2A154400E03419 /* TouchSchoolTableView */,
				64F126DB2B2A154400E03419 /* Products */,
			);
			sourceTree = "<group>";
		};
		64F126DB2B2A154400E03419 /* Products */ = {
			isa = PBXGroup;
			children = (
				64F126DA2B2A154400E03419 /* TouchSchoolTableView.app */,
			);
			name = Products;
			sourceTree = "<group>";
		};
		64F126DC2B2A154400E03419 /* TouchSchoolTableView */ = {
			isa = PBXGroup;
			children = (
				64F126DD2B2A154400E03419 /* AppDelegate.swift */,
				64F126DF2B2A154400E03419 /* SceneDelegate.swift */,
				64F126E12B2A154400E03419 /* ViewController.swift */,
				64F126E32B2A154400E03419 /* Main.storyboard */,
				64F126E62B2A154500E03419 /* Assets.xcassets */,
				64F126F12B2A332300E03419 /* Font */,
				64F126E82B2A154500E03419 /* LaunchScreen.storyboard */,
				64F126EB2B2A154500E03419 /* Info.plist */,
			);
			path = TouchSchoolTableView;
			sourceTree = "<group>";
		};
		64F126F12B2A332300E03419 /* Font */ = {
			isa = PBXGroup;
			children = (
				64F126F22B2A332300E03419 /* Recipekorea.ttf */,
				64F126F32B2A332300E03419 /* Giants-Bold.otf */,
			);
			name = Font;
			path = ../../TouchSchoolUIkitVer/TouchSchoolUIkitVer/Font;
			sourceTree = "<group>";
		};
/* End PBXGroup section */

/* Begin PBXNativeTarget section */
		64F126D92B2A154400E03419 /* TouchSchoolTableView */ = {
			isa = PBXNativeTarget;
			buildConfigurationList = 64F126EE2B2A154500E03419 /* Build configuration list for PBXNativeTarget "TouchSchoolTableView" */;
			buildPhases = (
				64F126D62B2A154400E03419 /* Sources */,
				64F126D72B2A154400E03419 /* Frameworks */,
				64F126D82B2A154400E03419 /* Resources */,
			);
			buildRules = (
			);
			dependencies = (
			);
			name = TouchSchoolTableView;
			productName = TouchSchoolTableView;
			productReference = 64F126DA2B2A154400E03419 /* TouchSchoolTableView.app */;
			productType = "com.apple.product-type.application";
		};
/* End PBXNativeTarget section */

/* Begin PBXProject section */
		64F126D22B2A154300E03419 /* Project object */ = {
			isa = PBXProject;
			attributes = {
				BuildIndependentTargetsInParallel = 1;
				LastSwiftUpdateCheck = 1510;
				LastUpgradeCheck = 1510;
				TargetAttributes = {
					64F126D92B2A154400E03419 = {
						CreatedOnToolsVersion = 15.1;
					};
				};
			};
			buildConfigurationList = 64F126D52B2A154300E03419 /* Build configuration list for PBXProject "TouchSchoolTableView" */;
			compatibilityVersion = "Xcode 14.0";
			developmentRegion = en;
			hasScannedForEncodings = 0;
			knownRegions = (
				en,
				Base,
			);
			mainGroup = 64F126D12B2A154300E03419;
			productRefGroup = 64F126DB2B2A154400E03419 /* Products */;
			projectDirPath = "";
			projectRoot = "";
			targets = (
				64F126D92B2A154400E03419 /* TouchSchoolTableView */,
			);
		};
/* End PBXProject section */

/* Begin PBXResourcesBuildPhase section */
		64F126D82B2A154400E03419 /* Resources */ = {
			isa = PBXResourcesBuildPhase;
			buildActionMask = 2147483647;
			files = (
				64F126EA2B2A154500E03419 /* LaunchScreen.storyboard in Resources */,
				64F126F42B2A332300E03419 /* Recipekorea.ttf in Resources */,
				64F126E72B2A154500E03419 /* Assets.xcassets in Resources */,
				64F126E52B2A154400E03419 /* Main.storyboard in Resources */,
				64F126F52B2A332300E03419 /* Giants-Bold.otf in Resources */,
			);
			runOnlyForDeploymentPostprocessing = 0;
		};
/* End PBXResourcesBuildPhase section */

/* Begin PBXSourcesBuildPhase section */
		64F126D62B2A154400E03419 /* Sources */ = {
			isa = PBXSourcesBuildPhase;
			buildActionMask = 2147483647;
			files = (
				64F126E22B2A154400E03419 /* ViewController.swift in Sources */,
				64F126DE2B2A154400E03419 /* AppDelegate.swift in Sources */,
				64F126E02B2A154400E03419 /* SceneDelegate.swift in Sources */,
			);
			runOnlyForDeploymentPostprocessing = 0;
		};
/* End PBXSourcesBuildPhase section */

/* Begin PBXVariantGroup section */
		64F126E32B2A154400E03419 /* Main.storyboard */ = {
			isa = PBXVariantGroup;
			children = (
				64F126E42B2A154400E03419 /* Base */,
			);
			name = Main.storyboard;
			sourceTree = "<group>";
		};
		64F126E82B2A154500E03419 /* LaunchScreen.storyboard */ = {
			isa = PBXVariantGroup;
			children = (
				64F126E92B2A154500E03419 /* Base */,
			);
			name = LaunchScreen.storyboard;
			sourceTree = "<group>";
		};
/* End PBXVariantGroup section */

/* Begin XCBuildConfiguration section */
		64F126EC2B2A154500E03419 /* Debug */ = {
			isa = XCBuildConfiguration;
			buildSettings = {
				ALWAYS_SEARCH_USER_PATHS = NO;
				ASSETCATALOG_COMPILER_GENERATE_SWIFT_ASSET_SYMBOL_EXTENSIONS = YES;
				CLANG_ANALYZER_NONNULL = YES;
				CLANG_ANALYZER_NUMBER_OBJECT_CONVERSION = YES_AGGRESSIVE;
				CLANG_CXX_LANGUAGE_STANDARD = "gnu++20";
				CLANG_ENABLE_MODULES = YES;
				CLANG_ENABLE_OBJC_ARC = YES;
				CLANG_ENABLE_OBJC_WEAK = YES;
				CLANG_WARN_BLOCK_CAPTURE_AUTORELEASING = YES;
				CLANG_WARN_BOOL_CONVERSION = YES;
				CLANG_WARN_COMMA = YES;
				CLANG_WARN_CONSTANT_CONVERSION = YES;
				CLANG_WARN_DEPRECATED_OBJC_IMPLEMENTATIONS = YES;
				CLANG_WARN_DIRECT_OBJC_ISA_USAGE = YES_ERROR;
				CLANG_WARN_DOCUMENTATION_COMMENTS = YES;
				CLANG_WARN_EMPTY_BODY = YES;
				CLANG_WARN_ENUM_CONVERSION = YES;
				CLANG_WARN_INFINITE_RECURSION = YES;
				CLANG_WARN_INT_CONVERSION = YES;
				CLANG_WARN_NON_LITERAL_NULL_CONVERSION = YES;
				CLANG_WARN_OBJC_IMPLICIT_RETAIN_SELF = YES;
				CLANG_WARN_OBJC_LITERAL_CONVERSION = YES;
				CLANG_WARN_OBJC_ROOT_CLASS = YES_ERROR;
				CLANG_WARN_QUOTED_INCLUDE_IN_FRAMEWORK_HEADER = YES;
				CLANG_WARN_RANGE_LOOP_ANALYSIS = YES;
				CLANG_WARN_STRICT_PROTOTYPES = YES;
				CLANG_WARN_SUSPICIOUS_MOVE = YES;
				CLANG_WARN_UNGUARDED_AVAILABILITY = YES_AGGRESSIVE;
				CLANG_WARN_UNREACHABLE_CODE = YES;
				CLANG_WARN__DUPLICATE_METHOD_MATCH = YES;
				COPY_PHASE_STRIP = NO;
				DEBUG_INFORMATION_FORMAT = dwarf;
				ENABLE_STRICT_OBJC_MSGSEND = YES;
				ENABLE_TESTABILITY = YES;
				ENABLE_USER_SCRIPT_SANDBOXING = YES;
				GCC_C_LANGUAGE_STANDARD = gnu17;
				GCC_DYNAMIC_NO_PIC = NO;
				GCC_NO_COMMON_BLOCKS = YES;
				GCC_OPTIMIZATION_LEVEL = 0;
				GCC_PREPROCESSOR_DEFINITIONS = (
					"DEBUG=1",
					"$(inherited)",
				);
				GCC_WARN_64_TO_32_BIT_CONVERSION = YES;
				GCC_WARN_ABOUT_RETURN_TYPE = YES_ERROR;
				GCC_WARN_UNDECLARED_SELECTOR = YES;
				GCC_WARN_UNINITIALIZED_AUTOS = YES_AGGRESSIVE;
				GCC_WARN_UNUSED_FUNCTION = YES;
				GCC_WARN_UNUSED_VARIABLE = YES;
				IPHONEOS_DEPLOYMENT_TARGET = 17.2;
				LOCALIZATION_PREFERS_STRING_CATALOGS = YES;
				MTL_ENABLE_DEBUG_INFO = INCLUDE_SOURCE;
				MTL_FAST_MATH = YES;
				ONLY_ACTIVE_ARCH = YES;
				SDKROOT = iphoneos;
				SWIFT_ACTIVE_COMPILATION_CONDITIONS = "DEBUG $(inherited)";
				SWIFT_OPTIMIZATION_LEVEL = "-Onone";
			};
			name = Debug;
		};
		64F126ED2B2A154500E03419 /* Release */ = {
			isa = XCBuildConfiguration;
			buildSettings = {
				ALWAYS_SEARCH_USER_PATHS = NO;
				ASSETCATALOG_COMPILER_GENERATE_SWIFT_ASSET_SYMBOL_EXTENSIONS = YES;
				CLANG_ANALYZER_NONNULL = YES;
				CLANG_ANALYZER_NUMBER_OBJECT_CONVERSION = YES_AGGRESSIVE;
				CLANG_CXX_LANGUAGE_STANDARD = "gnu++20";
				CLANG_ENABLE_MODULES = YES;
				CLANG_ENABLE_OBJC_ARC = YES;
				CLANG_ENABLE_OBJC_WEAK = YES;
				CLANG_WARN_BLOCK_CAPTURE_AUTORELEASING = YES;
				CLANG_WARN_BOOL_CONVERSION = YES;
				CLANG_WARN_COMMA = YES;
				CLANG_WARN_CONSTANT_CONVERSION = YES;
				CLANG_WARN_DEPRECATED_OBJC_IMPLEMENTATIONS = YES;
				CLANG_WARN_DIRECT_OBJC_ISA_USAGE = YES_ERROR;
				CLANG_WARN_DOCUMENTATION_COMMENTS = YES;
				CLANG_WARN_EMPTY_BODY = YES;
				CLANG_WARN_ENUM_CONVERSION = YES;
				CLANG_WARN_INFINITE_RECURSION = YES;
				CLANG_WARN_INT_CONVERSION = YES;
				CLANG_WARN_NON_LITERAL_NULL_CONVERSION = YES;
				CLANG_WARN_OBJC_IMPLICIT_RETAIN_SELF = YES;
				CLANG_WARN_OBJC_LITERAL_CONVERSION = YES;
				CLANG_WARN_OBJC_ROOT_CLASS = YES_ERROR;
				CLANG_WARN_QUOTED_INCLUDE_IN_FRAMEWORK_HEADER = YES;
				CLANG_WARN_RANGE_LOOP_ANALYSIS = YES;
				CLANG_WARN_STRICT_PROTOTYPES = YES;
				CLANG_WARN_SUSPICIOUS_MOVE = YES;
				CLANG_WARN_UNGUARDED_AVAILABILITY = YES_AGGRESSIVE;
				CLANG_WARN_UNREACHABLE_CODE = YES;
				CLANG_WARN__DUPLICATE_METHOD_MATCH = YES;
				COPY_PHASE_STRIP = NO;
				DEBUG_INFORMATION_FORMAT = "dwarf-with-dsym";
				ENABLE_NS_ASSERTIONS = NO;
				ENABLE_STRICT_OBJC_MSGSEND = YES;
				ENABLE_USER_SCRIPT_SANDBOXING = YES;
				GCC_C_LANGUAGE_STANDARD = gnu17;
				GCC_NO_COMMON_BLOCKS = YES;
				GCC_WARN_64_TO_32_BIT_CONVERSION = YES;
				GCC_WARN_ABOUT_RETURN_TYPE = YES_ERROR;
				GCC_WARN_UNDECLARED_SELECTOR = YES;
				GCC_WARN_UNINITIALIZED_AUTOS = YES_AGGRESSIVE;
				GCC_WARN_UNUSED_FUNCTION = YES;
				GCC_WARN_UNUSED_VARIABLE = YES;
				IPHONEOS_DEPLOYMENT_TARGET = 17.2;
				LOCALIZATION_PREFERS_STRING_CATALOGS = YES;
				MTL_ENABLE_DEBUG_INFO = NO;
				MTL_FAST_MATH = YES;
				SDKROOT = iphoneos;
				SWIFT_COMPILATION_MODE = wholemodule;
				VALIDATE_PRODUCT = YES;
			};
			name = Release;
		};
		64F126EF2B2A154500E03419 /* Debug */ = {
			isa = XCBuildConfiguration;
			buildSettings = {
				ASSETCATALOG_COMPILER_APPICON_NAME = AppIcon;
				ASSETCATALOG_COMPILER_GLOBAL_ACCENT_COLOR_NAME = AccentColor;
				CODE_SIGN_STYLE = Automatic;
				CURRENT_PROJECT_VERSION = 1;
				DEVELOPMENT_TEAM = KKR332Q2BZ;
				GENERATE_INFOPLIST_FILE = YES;
				INFOPLIST_FILE = TouchSchoolTableView/Info.plist;
				INFOPLIST_KEY_UIApplicationSupportsIndirectInputEvents = YES;
				INFOPLIST_KEY_UILaunchStoryboardName = LaunchScreen;
				INFOPLIST_KEY_UIMainStoryboardFile = Main;
				INFOPLIST_KEY_UISupportedInterfaceOrientations_iPad = "UIInterfaceOrientationPortrait UIInterfaceOrientationPortraitUpsideDown UIInterfaceOrientationLandscapeLeft UIInterfaceOrientationLandscapeRight";
				INFOPLIST_KEY_UISupportedInterfaceOrientations_iPhone = "UIInterfaceOrientationPortrait UIInterfaceOrientationLandscapeLeft UIInterfaceOrientationLandscapeRight";
				LD_RUNPATH_SEARCH_PATHS = (
					"$(inherited)",
					"@executable_path/Frameworks",
				);
				MARKETING_VERSION = 1.0;
				PRODUCT_BUNDLE_IDENTIFIER = none.TouchSchoolTableView;
				PRODUCT_NAME = "$(TARGET_NAME)";
				SWIFT_EMIT_LOC_STRINGS = YES;
				SWIFT_VERSION = 5.0;
				TARGETED_DEVICE_FAMILY = "1,2";
			};
			name = Debug;
		};
		64F126F02B2A154500E03419 /* Release */ = {
			isa = XCBuildConfiguration;
			buildSettings = {
				ASSETCATALOG_COMPILER_APPICON_NAME = AppIcon;
				ASSETCATALOG_COMPILER_GLOBAL_ACCENT_COLOR_NAME = AccentColor;
				CODE_SIGN_STYLE = Automatic;
				CURRENT_PROJECT_VERSION = 1;
				DEVELOPMENT_TEAM = KKR332Q2BZ;
				GENERATE_INFOPLIST_FILE = YES;
				INFOPLIST_FILE = TouchSchoolTableView/Info.plist;
				INFOPLIST_KEY_UIApplicationSupportsIndirectInputEvents = YES;
				INFOPLIST_KEY_UILaunchStoryboardName = LaunchScreen;
				INFOPLIST_KEY_UIMainStoryboardFile = Main;
				INFOPLIST_KEY_UISupportedInterfaceOrientations_iPad = "UIInterfaceOrientationPortrait UIInterfaceOrientationPortraitUpsideDown UIInterfaceOrientationLandscapeLeft UIInterfaceOrientationLandscapeRight";
				INFOPLIST_KEY_UISupportedInterfaceOrientations_iPhone = "UIInterfaceOrientationPortrait UIInterfaceOrientationLandscapeLeft UIInterfaceOrientationLandscapeRight";
				LD_RUNPATH_SEARCH_PATHS = (
					"$(inherited)",
					"@executable_path/Frameworks",
				);
				MARKETING_VERSION = 1.0;
				PRODUCT_BUNDLE_IDENTIFIER = none.TouchSchoolTableView;
				PRODUCT_NAME = "$(TARGET_NAME)";
				SWIFT_EMIT_LOC_STRINGS = YES;
				SWIFT_VERSION = 5.0;
				TARGETED_DEVICE_FAMILY = "1,2";
			};
			name = Release;
		};
/* End XCBuildConfiguration section */

/* Begin XCConfigurationList section */
		64F126D52B2A154300E03419 /* Build configuration list for PBXProject "TouchSchoolTableView" */ = {
			isa = XCConfigurationList;
			buildConfigurations = (
				64F126EC2B2A154500E03419 /* Debug */,
				64F126ED2B2A154500E03419 /* Release */,
			);
			defaultConfigurationIsVisible = 0;
			defaultConfigurationName = Release;
		};
		64F126EE2B2A154500E03419 /* Build configuration list for PBXNativeTarget "TouchSchoolTableView" */ = {
			isa = XCConfigurationList;
			buildConfigurations = (
				64F126EF2B2A154500E03419 /* Debug */,
				64F126F02B2A154500E03419 /* Release */,
			);
			defaultConfigurationIsVisible = 0;
			defaultConfigurationName = Release;
		};
/* End XCConfigurationList section */
	};
	rootObject = 64F126D22B2A154300E03419 /* Project object */;
}
