// !$*UTF8*$!
{
	archiveVersion = 1;
	classes = {
	};
	objectVersion = 56;
	objects = {

/* Begin PBXBuildFile section */
		64AFAC3F2B0EF1DF00D45535 /* AppDelegate.swift in Sources */ = {isa = PBXBuildFile; fileRef = 64AFAC3E2B0EF1DF00D45535 /* AppDelegate.swift */; };
		64AFAC412B0EF1DF00D45535 /* SceneDelegate.swift in Sources */ = {isa = PBXBuildFile; fileRef = 64AFAC402B0EF1DF00D45535 /* SceneDelegate.swift */; };
		64AFAC432B0EF1DF00D45535 /* ViewController.swift in Sources */ = {isa = PBXBuildFile; fileRef = 64AFAC422B0EF1DF00D45535 /* ViewController.swift */; };
		64AFAC462B0EF1DF00D45535 /* Main.storyboard in Resources */ = {isa = PBXBuildFile; fileRef = 64AFAC442B0EF1DF00D45535 /* Main.storyboard */; };
		64AFAC492B0EF1DF00D45535 /* TodoList_CoreData.xcdatamodeld in Sources */ = {isa = PBXBuildFile; fileRef = 64AFAC472B0EF1DF00D45535 /* TodoList_CoreData.xcdatamodeld */; };
		64AFAC4B2B0EF1E200D45535 /* Assets.xcassets in Resources */ = {isa = PBXBuildFile; fileRef = 64AFAC4A2B0EF1E200D45535 /* Assets.xcassets */; };
		64AFAC4E2B0EF1E200D45535 /* LaunchScreen.storyboard in Resources */ = {isa = PBXBuildFile; fileRef = 64AFAC4C2B0EF1E200D45535 /* LaunchScreen.storyboard */; };
		64AFAC572B0EF2A000D45535 /* ToDoListitem+CoreDataClass.swift in Sources */ = {isa = PBXBuildFile; fileRef = 64AFAC552B0EF2A000D45535 /* ToDoListitem+CoreDataClass.swift */; };
		64AFAC582B0EF2A000D45535 /* ToDoListitem+CoreDataProperties.swift in Sources */ = {isa = PBXBuildFile; fileRef = 64AFAC562B0EF2A000D45535 /* ToDoListitem+CoreDataProperties.swift */; };
/* End PBXBuildFile section */

/* Begin PBXFileReference section */
		64AFAC3B2B0EF1DF00D45535 /* TodoList-CoreData.app */ = {isa = PBXFileReference; explicitFileType = wrapper.application; includeInIndex = 0; path = "TodoList-CoreData.app"; sourceTree = BUILT_PRODUCTS_DIR; };
		64AFAC3E2B0EF1DF00D45535 /* AppDelegate.swift */ = {isa = PBXFileReference; lastKnownFileType = sourcecode.swift; path = AppDelegate.swift; sourceTree = "<group>"; };
		64AFAC402B0EF1DF00D45535 /* SceneDelegate.swift */ = {isa = PBXFileReference; lastKnownFileType = sourcecode.swift; path = SceneDelegate.swift; sourceTree = "<group>"; };
		64AFAC422B0EF1DF00D45535 /* ViewController.swift */ = {isa = PBXFileReference; lastKnownFileType = sourcecode.swift; path = ViewController.swift; sourceTree = "<group>"; };
		64AFAC452B0EF1DF00D45535 /* Base */ = {isa = PBXFileReference; lastKnownFileType = file.storyboard; name = Base; path = Base.lproj/Main.storyboard; sourceTree = "<group>"; };
		64AFAC482B0EF1DF00D45535 /* TodoList_CoreData.xcdatamodel */ = {isa = PBXFileReference; lastKnownFileType = wrapper.xcdatamodel; path = TodoList_CoreData.xcdatamodel; sourceTree = "<group>"; };
		64AFAC4A2B0EF1E200D45535 /* Assets.xcassets */ = {isa = PBXFileReference; lastKnownFileType = folder.assetcatalog; path = Assets.xcassets; sourceTree = "<group>"; };
		64AFAC4D2B0EF1E200D45535 /* Base */ = {isa = PBXFileReference; lastKnownFileType = file.storyboard; name = Base; path = Base.lproj/LaunchScreen.storyboard; sourceTree = "<group>"; };
		64AFAC4F2B0EF1E200D45535 /* Info.plist */ = {isa = PBXFileReference; lastKnownFileType = text.plist.xml; path = Info.plist; sourceTree = "<group>"; };
		64AFAC552B0EF2A000D45535 /* ToDoListitem+CoreDataClass.swift */ = {isa = PBXFileReference; lastKnownFileType = sourcecode.swift; path = "ToDoListitem+CoreDataClass.swift"; sourceTree = "<group>"; };
		64AFAC562B0EF2A000D45535 /* ToDoListitem+CoreDataProperties.swift */ = {isa = PBXFileReference; lastKnownFileType = sourcecode.swift; path = "ToDoListitem+CoreDataProperties.swift"; sourceTree = "<group>"; };
/* End PBXFileReference section */

/* Begin PBXFrameworksBuildPhase section */
		64AFAC382B0EF1DF00D45535 /* Frameworks */ = {
			isa = PBXFrameworksBuildPhase;
			buildActionMask = 2147483647;
			files = (
			);
			runOnlyForDeploymentPostprocessing = 0;
		};
/* End PBXFrameworksBuildPhase section */

/* Begin PBXGroup section */
		64AFAC322B0EF1DF00D45535 = {
			isa = PBXGroup;
			children = (
				64AFAC3D2B0EF1DF00D45535 /* TodoList-CoreData */,
				64AFAC3C2B0EF1DF00D45535 /* Products */,
			);
			sourceTree = "<group>";
		};
		64AFAC3C2B0EF1DF00D45535 /* Products */ = {
			isa = PBXGroup;
			children = (
				64AFAC3B2B0EF1DF00D45535 /* TodoList-CoreData.app */,
			);
			name = Products;
			sourceTree = "<group>";
		};
		64AFAC3D2B0EF1DF00D45535 /* TodoList-CoreData */ = {
			isa = PBXGroup;
			children = (
				64AFAC592B0EF2B200D45535 /* ToDoListitem */,
				64AFAC3E2B0EF1DF00D45535 /* AppDelegate.swift */,
				64AFAC402B0EF1DF00D45535 /* SceneDelegate.swift */,
				64AFAC422B0EF1DF00D45535 /* ViewController.swift */,
				64AFAC442B0EF1DF00D45535 /* Main.storyboard */,
				64AFAC4A2B0EF1E200D45535 /* Assets.xcassets */,
				64AFAC4C2B0EF1E200D45535 /* LaunchScreen.storyboard */,
				64AFAC4F2B0EF1E200D45535 /* Info.plist */,
				64AFAC472B0EF1DF00D45535 /* TodoList_CoreData.xcdatamodeld */,
			);
			path = "TodoList-CoreData";
			sourceTree = "<group>";
		};
		64AFAC592B0EF2B200D45535 /* ToDoListitem */ = {
			isa = PBXGroup;
			children = (
				64AFAC552B0EF2A000D45535 /* ToDoListitem+CoreDataClass.swift */,
				64AFAC562B0EF2A000D45535 /* ToDoListitem+CoreDataProperties.swift */,
			);
			path = ToDoListitem;
			sourceTree = "<group>";
		};
/* End PBXGroup section */

/* Begin PBXNativeTarget section */
		64AFAC3A2B0EF1DF00D45535 /* TodoList-CoreData */ = {
			isa = PBXNativeTarget;
			buildConfigurationList = 64AFAC522B0EF1E200D45535 /* Build configuration list for PBXNativeTarget "TodoList-CoreData" */;
			buildPhases = (
				64AFAC372B0EF1DF00D45535 /* Sources */,
				64AFAC382B0EF1DF00D45535 /* Frameworks */,
				64AFAC392B0EF1DF00D45535 /* Resources */,
			);
			buildRules = (
			);
			dependencies = (
			);
			name = "TodoList-CoreData";
			productName = "TodoList-CoreData";
			productReference = 64AFAC3B2B0EF1DF00D45535 /* TodoList-CoreData.app */;
			productType = "com.apple.product-type.application";
		};
/* End PBXNativeTarget section */

/* Begin PBXProject section */
		64AFAC332B0EF1DF00D45535 /* Project object */ = {
			isa = PBXProject;
			attributes = {
				BuildIndependentTargetsInParallel = 1;
				LastSwiftUpdateCheck = 1510;
				LastUpgradeCheck = 1510;
				TargetAttributes = {
					64AFAC3A2B0EF1DF00D45535 = {
						CreatedOnToolsVersion = 15.1;
					};
				};
			};
			buildConfigurationList = 64AFAC362B0EF1DF00D45535 /* Build configuration list for PBXProject "TodoList-CoreData" */;
			compatibilityVersion = "Xcode 14.0";
			developmentRegion = en;
			hasScannedForEncodings = 0;
			knownRegions = (
				en,
				Base,
			);
			mainGroup = 64AFAC322B0EF1DF00D45535;
			productRefGroup = 64AFAC3C2B0EF1DF00D45535 /* Products */;
			projectDirPath = "";
			projectRoot = "";
			targets = (
				64AFAC3A2B0EF1DF00D45535 /* TodoList-CoreData */,
			);
		};
/* End PBXProject section */

/* Begin PBXResourcesBuildPhase section */
		64AFAC392B0EF1DF00D45535 /* Resources */ = {
			isa = PBXResourcesBuildPhase;
			buildActionMask = 2147483647;
			files = (
				64AFAC4E2B0EF1E200D45535 /* LaunchScreen.storyboard in Resources */,
				64AFAC4B2B0EF1E200D45535 /* Assets.xcassets in Resources */,
				64AFAC462B0EF1DF00D45535 /* Main.storyboard in Resources */,
			);
			runOnlyForDeploymentPostprocessing = 0;
		};
/* End PBXResourcesBuildPhase section */

/* Begin PBXSourcesBuildPhase section */
		64AFAC372B0EF1DF00D45535 /* Sources */ = {
			isa = PBXSourcesBuildPhase;
			buildActionMask = 2147483647;
			files = (
				64AFAC432B0EF1DF00D45535 /* ViewController.swift in Sources */,
				64AFAC572B0EF2A000D45535 /* ToDoListitem+CoreDataClass.swift in Sources */,
				64AFAC582B0EF2A000D45535 /* ToDoListitem+CoreDataProperties.swift in Sources */,
				64AFAC3F2B0EF1DF00D45535 /* AppDelegate.swift in Sources */,
				64AFAC492B0EF1DF00D45535 /* TodoList_CoreData.xcdatamodeld in Sources */,
				64AFAC412B0EF1DF00D45535 /* SceneDelegate.swift in Sources */,
			);
			runOnlyForDeploymentPostprocessing = 0;
		};
/* End PBXSourcesBuildPhase section */

/* Begin PBXVariantGroup section */
		64AFAC442B0EF1DF00D45535 /* Main.storyboard */ = {
			isa = PBXVariantGroup;
			children = (
				64AFAC452B0EF1DF00D45535 /* Base */,
			);
			name = Main.storyboard;
			sourceTree = "<group>";
		};
		64AFAC4C2B0EF1E200D45535 /* LaunchScreen.storyboard */ = {
			isa = PBXVariantGroup;
			children = (
				64AFAC4D2B0EF1E200D45535 /* Base */,
			);
			name = LaunchScreen.storyboard;
			sourceTree = "<group>";
		};
/* End PBXVariantGroup section */

/* Begin XCBuildConfiguration section */
		64AFAC502B0EF1E200D45535 /* Debug */ = {
			isa = XCBuildConfiguration;
			buildSettings = {
				ALWAYS_SEARCH_USER_PATHS = NO;
				ASSETCATALOG_COMPILER_GENERATE_SWIFT_ASSET_SYMBOL_EXTENSIONS = YES;
				CLANG_ANALYZER_NONNULL = YES;
				CLANG_ANALYZER_NUMBER_OBJECT_CONVERSION = YES_AGGRESSIVE;
				CLANG_CXX_LANGUAGE_STANDARD = "gnu++20";
				CLANG_ENABLE_MODULES = YES;
				CLANG_ENABLE_OBJC_ARC = YES;
				CLANG_ENABLE_OBJC_WEAK = YES;
				CLANG_WARN_BLOCK_CAPTURE_AUTORELEASING = YES;
				CLANG_WARN_BOOL_CONVERSION = YES;
				CLANG_WARN_COMMA = YES;
				CLANG_WARN_CONSTANT_CONVERSION = YES;
				CLANG_WARN_DEPRECATED_OBJC_IMPLEMENTATIONS = YES;
				CLANG_WARN_DIRECT_OBJC_ISA_USAGE = YES_ERROR;
				CLANG_WARN_DOCUMENTATION_COMMENTS = YES;
				CLANG_WARN_EMPTY_BODY = YES;
				CLANG_WARN_ENUM_CONVERSION = YES;
				CLANG_WARN_INFINITE_RECURSION = YES;
				CLANG_WARN_INT_CONVERSION = YES;
				CLANG_WARN_NON_LITERAL_NULL_CONVERSION = YES;
				CLANG_WARN_OBJC_IMPLICIT_RETAIN_SELF = YES;
				CLANG_WARN_OBJC_LITERAL_CONVERSION = YES;
				CLANG_WARN_OBJC_ROOT_CLASS = YES_ERROR;
				CLANG_WARN_QUOTED_INCLUDE_IN_FRAMEWORK_HEADER = YES;
				CLANG_WARN_RANGE_LOOP_ANALYSIS = YES;
				CLANG_WARN_STRICT_PROTOTYPES = YES;
				CLANG_WARN_SUSPICIOUS_MOVE = YES;
				CLANG_WARN_UNGUARDED_AVAILABILITY = YES_AGGRESSIVE;
				CLANG_WARN_UNREACHABLE_CODE = YES;
				CLANG_WARN__DUPLICATE_METHOD_MATCH = YES;
				COPY_PHASE_STRIP = NO;
				DEBUG_INFORMATION_FORMAT = dwarf;
				ENABLE_STRICT_OBJC_MSGSEND = YES;
				ENABLE_TESTABILITY = YES;
				ENABLE_USER_SCRIPT_SANDBOXING = YES;
				GCC_C_LANGUAGE_STANDARD = gnu17;
				GCC_DYNAMIC_NO_PIC = NO;
				GCC_NO_COMMON_BLOCKS = YES;
				GCC_OPTIMIZATION_LEVEL = 0;
				GCC_PREPROCESSOR_DEFINITIONS = (
					"DEBUG=1",
					"$(inherited)",
				);
				GCC_WARN_64_TO_32_BIT_CONVERSION = YES;
				GCC_WARN_ABOUT_RETURN_TYPE = YES_ERROR;
				GCC_WARN_UNDECLARED_SELECTOR = YES;
				GCC_WARN_UNINITIALIZED_AUTOS = YES_AGGRESSIVE;
				GCC_WARN_UNUSED_FUNCTION = YES;
				GCC_WARN_UNUSED_VARIABLE = YES;
				IPHONEOS_DEPLOYMENT_TARGET = 17.0;
				LOCALIZATION_PREFERS_STRING_CATALOGS = YES;
				MTL_ENABLE_DEBUG_INFO = INCLUDE_SOURCE;
				MTL_FAST_MATH = YES;
				ONLY_ACTIVE_ARCH = YES;
				SDKROOT = iphoneos;
				SWIFT_ACTIVE_COMPILATION_CONDITIONS = "DEBUG $(inherited)";
				SWIFT_OPTIMIZATION_LEVEL = "-Onone";
			};
			name = Debug;
		};
		64AFAC512B0EF1E200D45535 /* Release */ = {
			isa = XCBuildConfiguration;
			buildSettings = {
				ALWAYS_SEARCH_USER_PATHS = NO;
				ASSETCATALOG_COMPILER_GENERATE_SWIFT_ASSET_SYMBOL_EXTENSIONS = YES;
				CLANG_ANALYZER_NONNULL = YES;
				CLANG_ANALYZER_NUMBER_OBJECT_CONVERSION = YES_AGGRESSIVE;
				CLANG_CXX_LANGUAGE_STANDARD = "gnu++20";
				CLANG_ENABLE_MODULES = YES;
				CLANG_ENABLE_OBJC_ARC = YES;
				CLANG_ENABLE_OBJC_WEAK = YES;
				CLANG_WARN_BLOCK_CAPTURE_AUTORELEASING = YES;
				CLANG_WARN_BOOL_CONVERSION = YES;
				CLANG_WARN_COMMA = YES;
				CLANG_WARN_CONSTANT_CONVERSION = YES;
				CLANG_WARN_DEPRECATED_OBJC_IMPLEMENTATIONS = YES;
				CLANG_WARN_DIRECT_OBJC_ISA_USAGE = YES_ERROR;
				CLANG_WARN_DOCUMENTATION_COMMENTS = YES;
				CLANG_WARN_EMPTY_BODY = YES;
				CLANG_WARN_ENUM_CONVERSION = YES;
				CLANG_WARN_INFINITE_RECURSION = YES;
				CLANG_WARN_INT_CONVERSION = YES;
				CLANG_WARN_NON_LITERAL_NULL_CONVERSION = YES;
				CLANG_WARN_OBJC_IMPLICIT_RETAIN_SELF = YES;
				CLANG_WARN_OBJC_LITERAL_CONVERSION = YES;
				CLANG_WARN_OBJC_ROOT_CLASS = YES_ERROR;
				CLANG_WARN_QUOTED_INCLUDE_IN_FRAMEWORK_HEADER = YES;
				CLANG_WARN_RANGE_LOOP_ANALYSIS = YES;
				CLANG_WARN_STRICT_PROTOTYPES = YES;
				CLANG_WARN_SUSPICIOUS_MOVE = YES;
				CLANG_WARN_UNGUARDED_AVAILABILITY = YES_AGGRESSIVE;
				CLANG_WARN_UNREACHABLE_CODE = YES;
				CLANG_WARN__DUPLICATE_METHOD_MATCH = YES;
				COPY_PHASE_STRIP = NO;
				DEBUG_INFORMATION_FORMAT = "dwarf-with-dsym";
				ENABLE_NS_ASSERTIONS = NO;
				ENABLE_STRICT_OBJC_MSGSEND = YES;
				ENABLE_USER_SCRIPT_SANDBOXING = YES;
				GCC_C_LANGUAGE_STANDARD = gnu17;
				GCC_NO_COMMON_BLOCKS = YES;
				GCC_WARN_64_TO_32_BIT_CONVERSION = YES;
				GCC_WARN_ABOUT_RETURN_TYPE = YES_ERROR;
				GCC_WARN_UNDECLARED_SELECTOR = YES;
				GCC_WARN_UNINITIALIZED_AUTOS = YES_AGGRESSIVE;
				GCC_WARN_UNUSED_FUNCTION = YES;
				GCC_WARN_UNUSED_VARIABLE = YES;
				IPHONEOS_DEPLOYMENT_TARGET = 17.0;
				LOCALIZATION_PREFERS_STRING_CATALOGS = YES;
				MTL_ENABLE_DEBUG_INFO = NO;
				MTL_FAST_MATH = YES;
				SDKROOT = iphoneos;
				SWIFT_COMPILATION_MODE = wholemodule;
				VALIDATE_PRODUCT = YES;
			};
			name = Release;
		};
		64AFAC532B0EF1E200D45535 /* Debug */ = {
			isa = XCBuildConfiguration;
			buildSettings = {
				ASSETCATALOG_COMPILER_APPICON_NAME = AppIcon;
				ASSETCATALOG_COMPILER_GLOBAL_ACCENT_COLOR_NAME = AccentColor;
				CODE_SIGN_STYLE = Automatic;
				CURRENT_PROJECT_VERSION = 1;
				GENERATE_INFOPLIST_FILE = YES;
				INFOPLIST_FILE = "TodoList-CoreData/Info.plist";
				INFOPLIST_KEY_UIApplicationSupportsIndirectInputEvents = YES;
				INFOPLIST_KEY_UILaunchStoryboardName = LaunchScreen;
				INFOPLIST_KEY_UIMainStoryboardFile = Main;
				INFOPLIST_KEY_UISupportedInterfaceOrientations_iPad = "UIInterfaceOrientationPortrait UIInterfaceOrientationPortraitUpsideDown UIInterfaceOrientationLandscapeLeft UIInterfaceOrientationLandscapeRight";
				INFOPLIST_KEY_UISupportedInterfaceOrientations_iPhone = "UIInterfaceOrientationPortrait UIInterfaceOrientationLandscapeLeft UIInterfaceOrientationLandscapeRight";
				LD_RUNPATH_SEARCH_PATHS = (
					"$(inherited)",
					"@executable_path/Frameworks",
				);
				MARKETING_VERSION = 1.0;
				PRODUCT_BUNDLE_IDENTIFIER = "none.TodoList-CoreData";
				PRODUCT_NAME = "$(TARGET_NAME)";
				SWIFT_EMIT_LOC_STRINGS = YES;
				SWIFT_VERSION = 5.0;
				TARGETED_DEVICE_FAMILY = "1,2";
			};
			name = Debug;
		};
		64AFAC542B0EF1E200D45535 /* Release */ = {
			isa = XCBuildConfiguration;
			buildSettings = {
				ASSETCATALOG_COMPILER_APPICON_NAME = AppIcon;
				ASSETCATALOG_COMPILER_GLOBAL_ACCENT_COLOR_NAME = AccentColor;
				CODE_SIGN_STYLE = Automatic;
				CURRENT_PROJECT_VERSION = 1;
				GENERATE_INFOPLIST_FILE = YES;
				INFOPLIST_FILE = "TodoList-CoreData/Info.plist";
				INFOPLIST_KEY_UIApplicationSupportsIndirectInputEvents = YES;
				INFOPLIST_KEY_UILaunchStoryboardName = LaunchScreen;
				INFOPLIST_KEY_UIMainStoryboardFile = Main;
				INFOPLIST_KEY_UISupportedInterfaceOrientations_iPad = "UIInterfaceOrientationPortrait UIInterfaceOrientationPortraitUpsideDown UIInterfaceOrientationLandscapeLeft UIInterfaceOrientationLandscapeRight";
				INFOPLIST_KEY_UISupportedInterfaceOrientations_iPhone = "UIInterfaceOrientationPortrait UIInterfaceOrientationLandscapeLeft UIInterfaceOrientationLandscapeRight";
				LD_RUNPATH_SEARCH_PATHS = (
					"$(inherited)",
					"@executable_path/Frameworks",
				);
				MARKETING_VERSION = 1.0;
				PRODUCT_BUNDLE_IDENTIFIER = "none.TodoList-CoreData";
				PRODUCT_NAME = "$(TARGET_NAME)";
				SWIFT_EMIT_LOC_STRINGS = YES;
				SWIFT_VERSION = 5.0;
				TARGETED_DEVICE_FAMILY = "1,2";
			};
			name = Release;
		};
/* End XCBuildConfiguration section */

/* Begin XCConfigurationList section */
		64AFAC362B0EF1DF00D45535 /* Build configuration list for PBXProject "TodoList-CoreData" */ = {
			isa = XCConfigurationList;
			buildConfigurations = (
				64AFAC502B0EF1E200D45535 /* Debug */,
				64AFAC512B0EF1E200D45535 /* Release */,
			);
			defaultConfigurationIsVisible = 0;
			defaultConfigurationName = Release;
		};
		64AFAC522B0EF1E200D45535 /* Build configuration list for PBXNativeTarget "TodoList-CoreData" */ = {
			isa = XCConfigurationList;
			buildConfigurations = (
				64AFAC532B0EF1E200D45535 /* Debug */,
				64AFAC542B0EF1E200D45535 /* Release */,
			);
			defaultConfigurationIsVisible = 0;
			defaultConfigurationName = Release;
		};
/* End XCConfigurationList section */

/* Begin XCVersionGroup section */
		64AFAC472B0EF1DF00D45535 /* TodoList_CoreData.xcdatamodeld */ = {
			isa = XCVersionGroup;
			children = (
				64AFAC482B0EF1DF00D45535 /* TodoList_CoreData.xcdatamodel */,
			);
			currentVersion = 64AFAC482B0EF1DF00D45535 /* TodoList_CoreData.xcdatamodel */;
			path = TodoList_CoreData.xcdatamodeld;
			sourceTree = "<group>";
			versionGroupType = wrapper.xcdatamodel;
		};
/* End XCVersionGroup section */
	};
	rootObject = 64AFAC332B0EF1DF00D45535 /* Project object */;
}
